
Microsoft Visual Studio Solution File, Format Version 12.00
# Visual Studio Version 17
VisualStudioVersion = 17.5.33627.172
MinimumVisualStudioVersion = 10.0.40219.1
Project("{FAE04EC0-301F-11D3-BF4B-00C04F79EFBC}") = "Logical_Programming_Practice", "Logical_Programming_Practice\Logical_Programming_Practice.csproj", "{EF529DD6-C21F-4E92-856C-0FE5A9C60555}"
EndProject
Global
	GlobalSection(SolutionConfigurationPlatforms) = preSolution
		Debug|Any CPU = Debug|Any CPU
		Release|Any CPU = Release|Any CPU
	EndGlobalSection
	GlobalSection(ProjectConfigurationPlatforms) = postSolution
		{EF529DD6-C21F-4E92-856C-0FE5A9C60555}.Debug|Any CPU.ActiveCfg = Debug|Any CPU
		{EF529DD6-C21F-4E92-856C-0FE5A9C60555}.Debug|Any CPU.Build.0 = Debug|Any CPU
		{EF529DD6-C21F-4E92-856C-0FE5A9C60555}.Release|Any CPU.ActiveCfg = Release|Any CPU
		{EF529DD6-C21F-4E92-856C-0FE5A9C60555}.Release|Any CPU.Build.0 = Release|Any CPU
	EndGlobalSection
	GlobalSection(SolutionProperties) = preSolution
		HideSolutionNode = FALSE
	EndGlobalSection
	GlobalSection(ExtensibilityGlobals) = postSolution
		SolutionGuid = {6B3BF760-BC07-41A4-B236-231F8D623B80}
	EndGlobalSection
EndGlobal
